
Microsoft Visual Studio Solution File, Format Version 12.00
# Visual Studio Version 16
VisualStudioVersion = 16.0.31313.79
MinimumVisualStudioVersion = 10.0.40219.1
Project("{FAE04EC0-301F-11D3-BF4B-00C04F79EFBC}") = "Packedges_beta 0.1", "Packedges_beta 0.1.csproj", "{99B72CB8-DA1B-400C-8094-3395FED4F157}"
EndProject
Global
	GlobalSection(SolutionConfigurationPlatforms) = preSolution
		Debug|Any CPU = Debug|Any CPU
		Release|Any CPU = Release|Any CPU
	EndGlobalSection
	GlobalSection(ProjectConfigurationPlatforms) = postSolution
		{99B72CB8-DA1B-400C-8094-3395FED4F157}.Debug|Any CPU.ActiveCfg = Debug|Any CPU
		{99B72CB8-DA1B-400C-8094-3395FED4F157}.Debug|Any CPU.Build.0 = Debug|Any CPU
		{99B72CB8-DA1B-400C-8094-3395FED4F157}.Release|Any CPU.ActiveCfg = Release|Any CPU
		{99B72CB8-DA1B-400C-8094-3395FED4F157}.Release|Any CPU.Build.0 = Release|Any CPU
	EndGlobalSection
	GlobalSection(SolutionProperties) = preSolution
		HideSolutionNode = FALSE
	EndGlobalSection
	GlobalSection(ExtensibilityGlobals) = postSolution
		SolutionGuid = {D9C60F87-051C-45CF-AABF-C62A969B57B5}
	EndGlobalSection
EndGlobal
